lock_version: "1.0"

package:
  name: "hipocampo"
  version: "2.0.0-rc.1"
  status: "unreleased-candidate"
  hash_algorithm: "sha256"
  methodology_compatibility: "^3.0.0"
  baseline_contract: "3.0.0"
  release_ref: null
  source_repository: "https://github.com/mklagenberg/hipocampo"
  candidate_base_commit: "b0c67e5cbd02016fc47ccefc9bf1337803c30adf"
  excludes:
    - "package-lock.yaml"
  files:
    - path: "manifest.yaml"
      sha256: "2d4a549b44175cc9787ea0b4baf9b5466e743bbc16d44eb6ec05a4dcadbcbed7"
    - path: "SKILL.md"
      sha256: "3f8ee5e5b8daa05115077444c2b57720733caf0f0f30b273458a89ff349ea013"
    - path: "agents/openai.yaml"
      sha256: "1688f1df3d6c96cf557d43580e9f4df2fd0bf899401eabe125f633f45cd0776c"
    - path: "references/codex.md"
      sha256: "1f122d1b6508b5e6585a3e70566c302b4fd00317e4107abf18a399ff39e00458"
    - path: "references/crud-frontmatter.md"
      sha256: "31a7d078f7f3e0eb078d8eb97378fc10e2ef6de1cb23769f1c1789c797985229"
    - path: "references/instanciacao.md"
      sha256: "c4184af332c80703f28a867403570d67a37d365be7aef62695e64bbbfc9bcb7a"
    - path: "references/instantiation.md"
      sha256: "5aabbddb83d7a2cf831f8d9d462bb3b84fb5972b8f9407f9b25308e7e38082d5"
    - path: "references/invariantes.md"
      sha256: "309df04383f0ae94da0aaa4572ee7c0ba95524c7050b1a4b8f8028647e53ac85"
    - path: "references/invariants.md"
      sha256: "31f6194c578dbd6bd50978163ccc2df2dd864027a7cdf1daaef28be3dd153d1f"
    - path: "references/personalizacao.md"
      sha256: "b881832dfb0ce400719cc76fb564dc93cea7f930c0ef409beff2080b676af397"
    - path: "references/personalization.md"
      sha256: "84dd10230f54252f1b14036364810b90d45495ad9f22d4875582426900c88087"
    - path: "references/rotinas.md"
      sha256: "72ad956c5df672e169cad7643db262d0a819a6eb1f677ec425a10dc7a2ec4873"
    - path: "references/routines.md"
      sha256: "9dbad7ea146f4ca2ea26058cb5a5d55931bea4638ce9cb831c582c73f9c6a470"
    - path: "references/v3-operation.md"
      sha256: "dbc2cd8f41a1e8348764439e93c8a518db1bf6679b063f364d2221ad09e4b75e"
