lock_version: "1.0"

package:
  name: "hipocampo"
  version: "1.2.0"
  hash_algorithm: "sha256"
  release_ref: "v2.1.0"
  source_repository: "https://github.com/mklagenberg/hipocampo"
  excludes:
    - "package-lock.yaml"
  files:
    - path: "agents/openai.yaml"
      sha256: "42d941b74a205a4ac8f5f8996c2974c69b0d1326c4146ba6036a43d54f53bab6"
    - path: "manifest.yaml"
      sha256: "d992ac63c0faf08cbd84adb2db4aa857f8ae19ee1cebb6240090520243d4e854"
    - path: "references/codex.md"
      sha256: "9278c1b99c1f49eecf0a148cb242d2e8651e4eed2bbbf3895aa642f08c196299"
    - path: "references/crud-frontmatter.md"
      sha256: "f3b133d48550e812e56474485de1aeb21ac6957add50fda08ba4e19ece8168b2"
    - path: "references/instanciacao.md"
      sha256: "c8a1ffebaa030b8fc2aa53438337d6ce386b9d1195f176485cf071a2f773dfc6"
    - path: "references/instantiation.md"
      sha256: "ea0bd0cc340f84ea6838da2ac163b7fb2f5d5cc757ab4bde0d16cc6ef8529dc4"
    - path: "references/invariantes.md"
      sha256: "a1a25066cd93f54d95f83a71529dbb968201a878eed57cc848348ea696ee1276"
    - path: "references/invariants.md"
      sha256: "6429f4a4ecb5e623626a83ef8acb6e67b8559d6d792578ff13991f60cdbcfc20"
    - path: "references/personalizacao.md"
      sha256: "980fedd93ddb49c271b487d56e337e55100942ba6d738a8e560c9ce419276fa2"
    - path: "references/personalization.md"
      sha256: "92445740132ce7e9044eadbcf565b3eb17c3b36c1313316f532cc61eaff37cd9"
    - path: "references/rotinas.md"
      sha256: "c26cff336ea5f412c49d9ae454e201c475e7ae77d8a0351465979ab07382b72b"
    - path: "references/routines.md"
      sha256: "fb0626762943c1068825c1cbea0209c85ed720444751e5f7b1ca2d2293f1aeb9"
    - path: "SKILL.md"
      sha256: "8c75204a0f3993e7f6e76788c17ad01e91b8b07be4d64b17d93818b77482a66c"
