lock_version: "1.0"

package:
  name: "hipocampo"
  version: "1.2.0"
  hash_algorithm: "sha256"
  release_ref: "v2.1.0"
  source_repository: "https://github.com/mklagenberg/hipocampo"
  excludes:
    - "package-lock.yaml"
  files:
    - path: "agents/openai.yaml"
      sha256: "42d941b74a205a4ac8f5f8996c2974c69b0d1326c4146ba6036a43d54f53bab6"
    - path: "manifest.yaml"
      sha256: "0ff8f94535974e4e56f45cdf17483c11a994151b81fdd3c3021411aad8f6b4ac"
    - path: "references/codex.md"
      sha256: "9278c1b99c1f49eecf0a148cb242d2e8651e4eed2bbbf3895aa642f08c196299"
    - path: "references/crud-frontmatter.md"
      sha256: "bfd240f29253a40811ec3f194714ee60072a9715744d466da9d048b7409bbccd"
    - path: "references/instanciacao.md"
      sha256: "708de5ce539f99d308b0f9750aebec2408cc2ce868e3b2dc7d88c7061d6ef174"
    - path: "references/instantiation.md"
      sha256: "ee943304c031f84ff2b97905f6cf80ef0f215a7d5c262f9a07b26e76374c96b9"
    - path: "references/invariantes.md"
      sha256: "a54812ab97e840ddfb24e922bd87dc2bcea65788df55842c036734e3072f0abb"
    - path: "references/invariants.md"
      sha256: "cd64bdc9a469b95d15c087c51e49eeb926569d7c65a16da5872489465d13b023"
    - path: "references/personalizacao.md"
      sha256: "eee92d2da6fb785c20507e31147dd9b4169a916a2359810abb5bff0da0ced5b3"
    - path: "references/personalization.md"
      sha256: "9baf84a6b2aad420a1e515787b6405d39d031b13e68e85303457af85ee2fc6cd"
    - path: "references/rotinas.md"
      sha256: "9a287438d219b668903efff4924e1beaaddb7fd7c5f01e36142ced84daa38cef"
    - path: "references/routines.md"
      sha256: "36f2cb7b1c8e9e3cc9c67cbec10c97ae72280cfa88ed38e1b22f9cab0c77cad0"
    - path: "SKILL.md"
      sha256: "0b2d7ada32b1ddeec5bed3daffc2ad83cda693ec21aea0d1daffd42da061c381"
